// !$*UTF8*$!
{
	archiveVersion = 1;
	classes = {
	};
	objectVersion = 56;
	objects = {

/* Begin PBXBuildFile section */
		97790A2529D2CF340080EE8E /* AppDelegate.swift in Sources */ = {isa = PBXBuildFile; fileRef = 97790A2429D2CF340080EE8E /* AppDelegate.swift */; };
		97790A2729D2CF340080EE8E /* SceneDelegate.swift in Sources */ = {isa = PBXBuildFile; fileRef = 97790A2629D2CF340080EE8E /* SceneDelegate.swift */; };
		97790A2929D2CF340080EE8E /* TabBarController.swift in Sources */ = {isa = PBXBuildFile; fileRef = 97790A2829D2CF340080EE8E /* TabBarController.swift */; };
		97790A2E29D2CF360080EE8E /* Assets.xcassets in Resources */ = {isa = PBXBuildFile; fileRef = 97790A2D29D2CF360080EE8E /* Assets.xcassets */; };
		97790A3129D2CF360080EE8E /* LaunchScreen.storyboard in Resources */ = {isa = PBXBuildFile; fileRef = 97790A2F29D2CF360080EE8E /* LaunchScreen.storyboard */; };
		97790A3A29D2D7D00080EE8E /* ImageModel.swift in Sources */ = {isa = PBXBuildFile; fileRef = 97790A3929D2D7D00080EE8E /* ImageModel.swift */; };
		97790A3D29D2D9230080EE8E /* NetworkingService.swift in Sources */ = {isa = PBXBuildFile; fileRef = 97790A3C29D2D9230080EE8E /* NetworkingService.swift */; };
		97790A3F29D2D95A0080EE8E /* ImageStorageService.swift in Sources */ = {isa = PBXBuildFile; fileRef = 97790A3E29D2D95A0080EE8E /* ImageStorageService.swift */; };
		97790A4129D2D9B80080EE8E /* RandomViewController.swift in Sources */ = {isa = PBXBuildFile; fileRef = 97790A4029D2D9B80080EE8E /* RandomViewController.swift */; };
		97790A4529D2DB1C0080EE8E /* RandomPictureCell.swift in Sources */ = {isa = PBXBuildFile; fileRef = 97790A4429D2DB1C0080EE8E /* RandomPictureCell.swift */; };
		97790A4729D2DB650080EE8E /* FavoritesViewController.swift in Sources */ = {isa = PBXBuildFile; fileRef = 97790A4629D2DB650080EE8E /* FavoritesViewController.swift */; };
		97790A4929D2DB860080EE8E /* FavoritePictureCell.swift in Sources */ = {isa = PBXBuildFile; fileRef = 97790A4829D2DB860080EE8E /* FavoritePictureCell.swift */; };
		97790A4C29D2DBD40080EE8E /* Notification.swift in Sources */ = {isa = PBXBuildFile; fileRef = 97790A4B29D2DBD40080EE8E /* Notification.swift */; };
/* End PBXBuildFile section */

/* Begin PBXFileReference section */
		97790A2129D2CF340080EE8E /* PicsumApp.app */ = {isa = PBXFileReference; explicitFileType = wrapper.application; includeInIndex = 0; path = PicsumApp.app; sourceTree = BUILT_PRODUCTS_DIR; };
		97790A2429D2CF340080EE8E /* AppDelegate.swift */ = {isa = PBXFileReference; lastKnownFileType = sourcecode.swift; path = AppDelegate.swift; sourceTree = "<group>"; };
		97790A2629D2CF340080EE8E /* SceneDelegate.swift */ = {isa = PBXFileReference; lastKnownFileType = sourcecode.swift; path = SceneDelegate.swift; sourceTree = "<group>"; };
		97790A2829D2CF340080EE8E /* TabBarController.swift */ = {isa = PBXFileReference; lastKnownFileType = sourcecode.swift; path = TabBarController.swift; sourceTree = "<group>"; };
		97790A2D29D2CF360080EE8E /* Assets.xcassets */ = {isa = PBXFileReference; lastKnownFileType = folder.assetcatalog; path = Assets.xcassets; sourceTree = "<group>"; };
		97790A3029D2CF360080EE8E /* Base */ = {isa = PBXFileReference; lastKnownFileType = file.storyboard; name = Base; path = Base.lproj/LaunchScreen.storyboard; sourceTree = "<group>"; };
		97790A3229D2CF360080EE8E /* Info.plist */ = {isa = PBXFileReference; lastKnownFileType = text.plist.xml; path = Info.plist; sourceTree = "<group>"; };
		97790A3929D2D7D00080EE8E /* ImageModel.swift */ = {isa = PBXFileReference; lastKnownFileType = sourcecode.swift; path = ImageModel.swift; sourceTree = "<group>"; };
		97790A3C29D2D9230080EE8E /* NetworkingService.swift */ = {isa = PBXFileReference; lastKnownFileType = sourcecode.swift; path = NetworkingService.swift; sourceTree = "<group>"; };
		97790A3E29D2D95A0080EE8E /* ImageStorageService.swift */ = {isa = PBXFileReference; lastKnownFileType = sourcecode.swift; path = ImageStorageService.swift; sourceTree = "<group>"; };
		97790A4029D2D9B80080EE8E /* RandomViewController.swift */ = {isa = PBXFileReference; lastKnownFileType = sourcecode.swift; path = RandomViewController.swift; sourceTree = "<group>"; };
		97790A4429D2DB1C0080EE8E /* RandomPictureCell.swift */ = {isa = PBXFileReference; lastKnownFileType = sourcecode.swift; path = RandomPictureCell.swift; sourceTree = "<group>"; };
		97790A4629D2DB650080EE8E /* FavoritesViewController.swift */ = {isa = PBXFileReference; lastKnownFileType = sourcecode.swift; path = FavoritesViewController.swift; sourceTree = "<group>"; };
		97790A4829D2DB860080EE8E /* FavoritePictureCell.swift */ = {isa = PBXFileReference; lastKnownFileType = sourcecode.swift; path = FavoritePictureCell.swift; sourceTree = "<group>"; };
		97790A4B29D2DBD40080EE8E /* Notification.swift */ = {isa = PBXFileReference; lastKnownFileType = sourcecode.swift; path = Notification.swift; sourceTree = "<group>"; };
/* End PBXFileReference section */

/* Begin PBXFrameworksBuildPhase section */
		97790A1E29D2CF340080EE8E /* Frameworks */ = {
			isa = PBXFrameworksBuildPhase;
			buildActionMask = 2147483647;
			files = (
			);
			runOnlyForDeploymentPostprocessing = 0;
		};
/* End PBXFrameworksBuildPhase section */

/* Begin PBXGroup section */
		97790A1829D2CF340080EE8E = {
			isa = PBXGroup;
			children = (
				97790A2329D2CF340080EE8E /* PicsumApp */,
				97790A2229D2CF340080EE8E /* Products */,
			);
			sourceTree = "<group>";
		};
		97790A2229D2CF340080EE8E /* Products */ = {
			isa = PBXGroup;
			children = (
				97790A2129D2CF340080EE8E /* PicsumApp.app */,
			);
			name = Products;
			sourceTree = "<group>";
		};
		97790A2329D2CF340080EE8E /* PicsumApp */ = {
			isa = PBXGroup;
			children = (
				97790A4E29D2DD1E0080EE8E /* UI */,
				97790A3829D2D7B70080EE8E /* Model */,
				97790A3B29D2D9050080EE8E /* Service */,
				97790A4A29D2DBBF0080EE8E /* Extensions */,
				97790A4329D2D9F20080EE8E /* SupportingFiles */,
			);
			path = PicsumApp;
			sourceTree = "<group>";
		};
		97790A3829D2D7B70080EE8E /* Model */ = {
			isa = PBXGroup;
			children = (
				97790A3929D2D7D00080EE8E /* ImageModel.swift */,
			);
			path = Model;
			sourceTree = "<group>";
		};
		97790A3B29D2D9050080EE8E /* Service */ = {
			isa = PBXGroup;
			children = (
				97790A3C29D2D9230080EE8E /* NetworkingService.swift */,
				97790A3E29D2D95A0080EE8E /* ImageStorageService.swift */,
			);
			path = Service;
			sourceTree = "<group>";
		};
		97790A4229D2D9D00080EE8E /* PicturesControllers */ = {
			isa = PBXGroup;
			children = (
				97790A4029D2D9B80080EE8E /* RandomViewController.swift */,
				97790A4629D2DB650080EE8E /* FavoritesViewController.swift */,
				97790A2829D2CF340080EE8E /* TabBarController.swift */,
			);
			path = PicturesControllers;
			sourceTree = "<group>";
		};
		97790A4329D2D9F20080EE8E /* SupportingFiles */ = {
			isa = PBXGroup;
			children = (
				97790A2429D2CF340080EE8E /* AppDelegate.swift */,
				97790A2629D2CF340080EE8E /* SceneDelegate.swift */,
				97790A2D29D2CF360080EE8E /* Assets.xcassets */,
				97790A2F29D2CF360080EE8E /* LaunchScreen.storyboard */,
				97790A3229D2CF360080EE8E /* Info.plist */,
			);
			path = SupportingFiles;
			sourceTree = "<group>";
		};
		97790A4A29D2DBBF0080EE8E /* Extensions */ = {
			isa = PBXGroup;
			children = (
				97790A4B29D2DBD40080EE8E /* Notification.swift */,
			);
			path = Extensions;
			sourceTree = "<group>";
		};
		97790A4D29D2DC350080EE8E /* Cells */ = {
			isa = PBXGroup;
			children = (
				97790A4429D2DB1C0080EE8E /* RandomPictureCell.swift */,
				97790A4829D2DB860080EE8E /* FavoritePictureCell.swift */,
			);
			path = Cells;
			sourceTree = "<group>";
		};
		97790A4E29D2DD1E0080EE8E /* UI */ = {
			isa = PBXGroup;
			children = (
				97790A4229D2D9D00080EE8E /* PicturesControllers */,
				97790A4D29D2DC350080EE8E /* Cells */,
			);
			path = UI;
			sourceTree = "<group>";
		};
/* End PBXGroup section */

/* Begin PBXNativeTarget section */
		97790A2029D2CF340080EE8E /* PicsumApp */ = {
			isa = PBXNativeTarget;
			buildConfigurationList = 97790A3529D2CF360080EE8E /* Build configuration list for PBXNativeTarget "PicsumApp" */;
			buildPhases = (
				97790A1D29D2CF340080EE8E /* Sources */,
				97790A1E29D2CF340080EE8E /* Frameworks */,
				97790A1F29D2CF340080EE8E /* Resources */,
			);
			buildRules = (
			);
			dependencies = (
			);
			name = PicsumApp;
			productName = PicsumApp;
			productReference = 97790A2129D2CF340080EE8E /* PicsumApp.app */;
			productType = "com.apple.product-type.application";
		};
/* End PBXNativeTarget section */

/* Begin PBXProject section */
		97790A1929D2CF340080EE8E /* Project object */ = {
			isa = PBXProject;
			attributes = {
				BuildIndependentTargetsInParallel = 1;
				LastSwiftUpdateCheck = 1410;
				LastUpgradeCheck = 1410;
				TargetAttributes = {
					97790A2029D2CF340080EE8E = {
						CreatedOnToolsVersion = 14.1;
					};
				};
			};
			buildConfigurationList = 97790A1C29D2CF340080EE8E /* Build configuration list for PBXProject "PicsumApp" */;
			compatibilityVersion = "Xcode 14.0";
			developmentRegion = en;
			hasScannedForEncodings = 0;
			knownRegions = (
				en,
				Base,
			);
			mainGroup = 97790A1829D2CF340080EE8E;
			productRefGroup = 97790A2229D2CF340080EE8E /* Products */;
			projectDirPath = "";
			projectRoot = "";
			targets = (
				97790A2029D2CF340080EE8E /* PicsumApp */,
			);
		};
/* End PBXProject section */

/* Begin PBXResourcesBuildPhase section */
		97790A1F29D2CF340080EE8E /* Resources */ = {
			isa = PBXResourcesBuildPhase;
			buildActionMask = 2147483647;
			files = (
				97790A3129D2CF360080EE8E /* LaunchScreen.storyboard in Resources */,
				97790A2E29D2CF360080EE8E /* Assets.xcassets in Resources */,
			);
			runOnlyForDeploymentPostprocessing = 0;
		};
/* End PBXResourcesBuildPhase section */

/* Begin PBXSourcesBuildPhase section */
		97790A1D29D2CF340080EE8E /* Sources */ = {
			isa = PBXSourcesBuildPhase;
			buildActionMask = 2147483647;
			files = (
				97790A3A29D2D7D00080EE8E /* ImageModel.swift in Sources */,
				97790A4729D2DB650080EE8E /* FavoritesViewController.swift in Sources */,
				97790A2929D2CF340080EE8E /* TabBarController.swift in Sources */,
				97790A2529D2CF340080EE8E /* AppDelegate.swift in Sources */,
				97790A4129D2D9B80080EE8E /* RandomViewController.swift in Sources */,
				97790A4929D2DB860080EE8E /* FavoritePictureCell.swift in Sources */,
				97790A3F29D2D95A0080EE8E /* ImageStorageService.swift in Sources */,
				97790A3D29D2D9230080EE8E /* NetworkingService.swift in Sources */,
				97790A4C29D2DBD40080EE8E /* Notification.swift in Sources */,
				97790A2729D2CF340080EE8E /* SceneDelegate.swift in Sources */,
				97790A4529D2DB1C0080EE8E /* RandomPictureCell.swift in Sources */,
			);
			runOnlyForDeploymentPostprocessing = 0;
		};
/* End PBXSourcesBuildPhase section */

/* Begin PBXVariantGroup section */
		97790A2F29D2CF360080EE8E /* LaunchScreen.storyboard */ = {
			isa = PBXVariantGroup;
			children = (
				97790A3029D2CF360080EE8E /* Base */,
			);
			name = LaunchScreen.storyboard;
			sourceTree = "<group>";
		};
/* End PBXVariantGroup section */

/* Begin XCBuildConfiguration section */
		97790A3329D2CF360080EE8E /* Debug */ = {
			isa = XCBuildConfiguration;
			buildSettings = {
				ALWAYS_SEARCH_USER_PATHS = NO;
				CLANG_ANALYZER_NONNULL = YES;
				CLANG_ANALYZER_NUMBER_OBJECT_CONVERSION = YES_AGGRESSIVE;
				CLANG_CXX_LANGUAGE_STANDARD = "gnu++20";
				CLANG_ENABLE_MODULES = YES;
				CLANG_ENABLE_OBJC_ARC = YES;
				CLANG_ENABLE_OBJC_WEAK = YES;
				CLANG_WARN_BLOCK_CAPTURE_AUTORELEASING = YES;
				CLANG_WARN_BOOL_CONVERSION = YES;
				CLANG_WARN_COMMA = YES;
				CLANG_WARN_CONSTANT_CONVERSION = YES;
				CLANG_WARN_DEPRECATED_OBJC_IMPLEMENTATIONS = YES;
				CLANG_WARN_DIRECT_OBJC_ISA_USAGE = YES_ERROR;
				CLANG_WARN_DOCUMENTATION_COMMENTS = YES;
				CLANG_WARN_EMPTY_BODY = YES;
				CLANG_WARN_ENUM_CONVERSION = YES;
				CLANG_WARN_INFINITE_RECURSION = YES;
				CLANG_WARN_INT_CONVERSION = YES;
				CLANG_WARN_NON_LITERAL_NULL_CONVERSION = YES;
				CLANG_WARN_OBJC_IMPLICIT_RETAIN_SELF = YES;
				CLANG_WARN_OBJC_LITERAL_CONVERSION = YES;
				CLANG_WARN_OBJC_ROOT_CLASS = YES_ERROR;
				CLANG_WARN_QUOTED_INCLUDE_IN_FRAMEWORK_HEADER = YES;
				CLANG_WARN_RANGE_LOOP_ANALYSIS = YES;
				CLANG_WARN_STRICT_PROTOTYPES = YES;
				CLANG_WARN_SUSPICIOUS_MOVE = YES;
				CLANG_WARN_UNGUARDED_AVAILABILITY = YES_AGGRESSIVE;
				CLANG_WARN_UNREACHABLE_CODE = YES;
				CLANG_WARN__DUPLICATE_METHOD_MATCH = YES;
				COPY_PHASE_STRIP = NO;
				DEBUG_INFORMATION_FORMAT = dwarf;
				ENABLE_STRICT_OBJC_MSGSEND = YES;
				ENABLE_TESTABILITY = YES;
				GCC_C_LANGUAGE_STANDARD = gnu11;
				GCC_DYNAMIC_NO_PIC = NO;
				GCC_NO_COMMON_BLOCKS = YES;
				GCC_OPTIMIZATION_LEVEL = 0;
				GCC_PREPROCESSOR_DEFINITIONS = (
					"DEBUG=1",
					"$(inherited)",
				);
				GCC_WARN_64_TO_32_BIT_CONVERSION = YES;
				GCC_WARN_ABOUT_RETURN_TYPE = YES_ERROR;
				GCC_WARN_UNDECLARED_SELECTOR = YES;
				GCC_WARN_UNINITIALIZED_AUTOS = YES_AGGRESSIVE;
				GCC_WARN_UNUSED_FUNCTION = YES;
				GCC_WARN_UNUSED_VARIABLE = YES;
				IPHONEOS_DEPLOYMENT_TARGET = 16.1;
				MTL_ENABLE_DEBUG_INFO = INCLUDE_SOURCE;
				MTL_FAST_MATH = YES;
				ONLY_ACTIVE_ARCH = YES;
				SDKROOT = iphoneos;
				SWIFT_ACTIVE_COMPILATION_CONDITIONS = DEBUG;
				SWIFT_OPTIMIZATION_LEVEL = "-Onone";
			};
			name = Debug;
		};
		97790A3429D2CF360080EE8E /* Release */ = {
			isa = XCBuildConfiguration;
			buildSettings = {
				ALWAYS_SEARCH_USER_PATHS = NO;
				CLANG_ANALYZER_NONNULL = YES;
				CLANG_ANALYZER_NUMBER_OBJECT_CONVERSION = YES_AGGRESSIVE;
				CLANG_CXX_LANGUAGE_STANDARD = "gnu++20";
				CLANG_ENABLE_MODULES = YES;
				CLANG_ENABLE_OBJC_ARC = YES;
				CLANG_ENABLE_OBJC_WEAK = YES;
				CLANG_WARN_BLOCK_CAPTURE_AUTORELEASING = YES;
				CLANG_WARN_BOOL_CONVERSION = YES;
				CLANG_WARN_COMMA = YES;
				CLANG_WARN_CONSTANT_CONVERSION = YES;
				CLANG_WARN_DEPRECATED_OBJC_IMPLEMENTATIONS = YES;
				CLANG_WARN_DIRECT_OBJC_ISA_USAGE = YES_ERROR;
				CLANG_WARN_DOCUMENTATION_COMMENTS = YES;
				CLANG_WARN_EMPTY_BODY = YES;
				CLANG_WARN_ENUM_CONVERSION = YES;
				CLANG_WARN_INFINITE_RECURSION = YES;
				CLANG_WARN_INT_CONVERSION = YES;
				CLANG_WARN_NON_LITERAL_NULL_CONVERSION = YES;
				CLANG_WARN_OBJC_IMPLICIT_RETAIN_SELF = YES;
				CLANG_WARN_OBJC_LITERAL_CONVERSION = YES;
				CLANG_WARN_OBJC_ROOT_CLASS = YES_ERROR;
				CLANG_WARN_QUOTED_INCLUDE_IN_FRAMEWORK_HEADER = YES;
				CLANG_WARN_RANGE_LOOP_ANALYSIS = YES;
				CLANG_WARN_STRICT_PROTOTYPES = YES;
				CLANG_WARN_SUSPICIOUS_MOVE = YES;
				CLANG_WARN_UNGUARDED_AVAILABILITY = YES_AGGRESSIVE;
				CLANG_WARN_UNREACHABLE_CODE = YES;
				CLANG_WARN__DUPLICATE_METHOD_MATCH = YES;
				COPY_PHASE_STRIP = NO;
				DEBUG_INFORMATION_FORMAT = "dwarf-with-dsym";
				ENABLE_NS_ASSERTIONS = NO;
				ENABLE_STRICT_OBJC_MSGSEND = YES;
				GCC_C_LANGUAGE_STANDARD = gnu11;
				GCC_NO_COMMON_BLOCKS = YES;
				GCC_WARN_64_TO_32_BIT_CONVERSION = YES;
				GCC_WARN_ABOUT_RETURN_TYPE = YES_ERROR;
				GCC_WARN_UNDECLARED_SELECTOR = YES;
				GCC_WARN_UNINITIALIZED_AUTOS = YES_AGGRESSIVE;
				GCC_WARN_UNUSED_FUNCTION = YES;
				GCC_WARN_UNUSED_VARIABLE = YES;
				IPHONEOS_DEPLOYMENT_TARGET = 16.1;
				MTL_ENABLE_DEBUG_INFO = NO;
				MTL_FAST_MATH = YES;
				SDKROOT = iphoneos;
				SWIFT_COMPILATION_MODE = wholemodule;
				SWIFT_OPTIMIZATION_LEVEL = "-O";
				VALIDATE_PRODUCT = YES;
			};
			name = Release;
		};
		97790A3629D2CF360080EE8E /* Debug */ = {
			isa = XCBuildConfiguration;
			buildSettings = {
				ASSETCATALOG_COMPILER_APPICON_NAME = AppIcon;
				ASSETCATALOG_COMPILER_GLOBAL_ACCENT_COLOR_NAME = AccentColor;
				CODE_SIGN_STYLE = Automatic;
				CURRENT_PROJECT_VERSION = 1;
				DEVELOPMENT_TEAM = N4UDWY43TV;
				GENERATE_INFOPLIST_FILE = YES;
				INFOPLIST_FILE = PicsumApp/SupportingFiles/Info.plist;
				INFOPLIST_KEY_UIApplicationSupportsIndirectInputEvents = YES;
				INFOPLIST_KEY_UILaunchStoryboardName = LaunchScreen;
				INFOPLIST_KEY_UISupportedInterfaceOrientations = UIInterfaceOrientationPortrait;
				INFOPLIST_KEY_UISupportedInterfaceOrientations_iPad = "UIInterfaceOrientationLandscapeLeft UIInterfaceOrientationLandscapeRight UIInterfaceOrientationPortrait UIInterfaceOrientationPortraitUpsideDown";
				LD_RUNPATH_SEARCH_PATHS = (
					"$(inherited)",
					"@executable_path/Frameworks",
				);
				MARKETING_VERSION = 1.0;
				PRODUCT_BUNDLE_IDENTIFIER = com.markmikh.PicsumApp;
				PRODUCT_NAME = "$(TARGET_NAME)";
				SUPPORTED_PLATFORMS = "iphoneos iphonesimulator";
				SUPPORTS_MACCATALYST = NO;
				SUPPORTS_MAC_DESIGNED_FOR_IPHONE_IPAD = NO;
				SWIFT_EMIT_LOC_STRINGS = YES;
				SWIFT_VERSION = 5.0;
				TARGETED_DEVICE_FAMILY = 1;
			};
			name = Debug;
		};
		97790A3729D2CF360080EE8E /* Release */ = {
			isa = XCBuildConfiguration;
			buildSettings = {
				ASSETCATALOG_COMPILER_APPICON_NAME = AppIcon;
				ASSETCATALOG_COMPILER_GLOBAL_ACCENT_COLOR_NAME = AccentColor;
				CODE_SIGN_STYLE = Automatic;
				CURRENT_PROJECT_VERSION = 1;
				DEVELOPMENT_TEAM = N4UDWY43TV;
				GENERATE_INFOPLIST_FILE = YES;
				INFOPLIST_FILE = PicsumApp/SupportingFiles/Info.plist;
				INFOPLIST_KEY_UIApplicationSupportsIndirectInputEvents = YES;
				INFOPLIST_KEY_UILaunchStoryboardName = LaunchScreen;
				INFOPLIST_KEY_UISupportedInterfaceOrientations = UIInterfaceOrientationPortrait;
				INFOPLIST_KEY_UISupportedInterfaceOrientations_iPad = "UIInterfaceOrientationLandscapeLeft UIInterfaceOrientationLandscapeRight UIInterfaceOrientationPortrait UIInterfaceOrientationPortraitUpsideDown";
				LD_RUNPATH_SEARCH_PATHS = (
					"$(inherited)",
					"@executable_path/Frameworks",
				);
				MARKETING_VERSION = 1.0;
				PRODUCT_BUNDLE_IDENTIFIER = com.markmikh.PicsumApp;
				PRODUCT_NAME = "$(TARGET_NAME)";
				SUPPORTED_PLATFORMS = "iphoneos iphonesimulator";
				SUPPORTS_MACCATALYST = NO;
				SUPPORTS_MAC_DESIGNED_FOR_IPHONE_IPAD = NO;
				SWIFT_EMIT_LOC_STRINGS = YES;
				SWIFT_VERSION = 5.0;
				TARGETED_DEVICE_FAMILY = 1;
			};
			name = Release;
		};
/* End XCBuildConfiguration section */

/* Begin XCConfigurationList section */
		97790A1C29D2CF340080EE8E /* Build configuration list for PBXProject "PicsumApp" */ = {
			isa = XCConfigurationList;
			buildConfigurations = (
				97790A3329D2CF360080EE8E /* Debug */,
				97790A3429D2CF360080EE8E /* Release */,
			);
			defaultConfigurationIsVisible = 0;
			defaultConfigurationName = Release;
		};
		97790A3529D2CF360080EE8E /* Build configuration list for PBXNativeTarget "PicsumApp" */ = {
			isa = XCConfigurationList;
			buildConfigurations = (
				97790A3629D2CF360080EE8E /* Debug */,
				97790A3729D2CF360080EE8E /* Release */,
			);
			defaultConfigurationIsVisible = 0;
			defaultConfigurationName = Release;
		};
/* End XCConfigurationList section */
	};
	rootObject = 97790A1929D2CF340080EE8E /* Project object */;
}
